
Microsoft Visual Studio Solution File, Format Version 12.00
# Visual Studio Version 17
VisualStudioVersion = 17.10.35122.118
MinimumVisualStudioVersion = 10.0.40219.1
Project("{FAE04EC0-301F-11D3-BF4B-00C04F79EFBC}") = "Kargo Uygulaması", "Kargo Uygulaması\Kargo Uygulaması.csproj", "{ED8982AB-31E5-47BE-9365-F755E34D683F}"
EndProject
Global
	GlobalSection(SolutionConfigurationPlatforms) = preSolution
		Debug|Any CPU = Debug|Any CPU
		Release|Any CPU = Release|Any CPU
	EndGlobalSection
	GlobalSection(ProjectConfigurationPlatforms) = postSolution
		{ED8982AB-31E5-47BE-9365-F755E34D683F}.Debug|Any CPU.ActiveCfg = Debug|Any CPU
		{ED8982AB-31E5-47BE-9365-F755E34D683F}.Debug|Any CPU.Build.0 = Debug|Any CPU
		{ED8982AB-31E5-47BE-9365-F755E34D683F}.Release|Any CPU.ActiveCfg = Release|Any CPU
		{ED8982AB-31E5-47BE-9365-F755E34D683F}.Release|Any CPU.Build.0 = Release|Any CPU
	EndGlobalSection
	GlobalSection(SolutionProperties) = preSolution
		HideSolutionNode = FALSE
	EndGlobalSection
	GlobalSection(ExtensibilityGlobals) = postSolution
		SolutionGuid = {56429BC2-BD81-48E5-B916-614556C813F9}
	EndGlobalSection
EndGlobal
